
Microsoft Visual Studio Solution File, Format Version 12.00
# Visual Studio 2013
VisualStudioVersion = 12.0.30723.0
MinimumVisualStudioVersion = 10.0.40219.1
Project("{FAE04EC0-301F-11D3-BF4B-00C04F79EFBC}") = "Quiron.LojaVirtual.Dominio", "Quiron.LojaVirtual.Dominio\Quiron.LojaVirtual.Dominio.csproj", "{95E2E268-7953-4B08-A8A6-97E6018DBA3C}"
EndProject
Project("{FAE04EC0-301F-11D3-BF4B-00C04F79EFBC}") = "Quiron.LojaVirtual.Web", "Quiron.LojaVirtual.Web\Quiron.LojaVirtual.Web.csproj", "{C97C1C7D-620B-4024-801F-510BE2C49D27}"
EndProject
Project("{FAE04EC0-301F-11D3-BF4B-00C04F79EFBC}") = "Quiron.LojaVirtual.UnitTest", "Quiron.LojaVirtual.UnitTest\Quiron.LojaVirtual.UnitTest.csproj", "{FE41FC27-F445-468C-BF89-6BCC0369DE4A}"
EndProject
Global
	GlobalSection(SolutionConfigurationPlatforms) = preSolution
		Debug|Any CPU = Debug|Any CPU
		Release|Any CPU = Release|Any CPU
	EndGlobalSection
	GlobalSection(ProjectConfigurationPlatforms) = postSolution
		{95E2E268-7953-4B08-A8A6-97E6018DBA3C}.Debug|Any CPU.ActiveCfg = Debug|Any CPU
		{95E2E268-7953-4B08-A8A6-97E6018DBA3C}.Debug|Any CPU.Build.0 = Debug|Any CPU
		{95E2E268-7953-4B08-A8A6-97E6018DBA3C}.Release|Any CPU.ActiveCfg = Release|Any CPU
		{95E2E268-7953-4B08-A8A6-97E6018DBA3C}.Release|Any CPU.Build.0 = Release|Any CPU
		{C97C1C7D-620B-4024-801F-510BE2C49D27}.Debug|Any CPU.ActiveCfg = Debug|Any CPU
		{C97C1C7D-620B-4024-801F-510BE2C49D27}.Debug|Any CPU.Build.0 = Debug|Any CPU
		{C97C1C7D-620B-4024-801F-510BE2C49D27}.Release|Any CPU.ActiveCfg = Release|Any CPU
		{C97C1C7D-620B-4024-801F-510BE2C49D27}.Release|Any CPU.Build.0 = Release|Any CPU
		{FE41FC27-F445-468C-BF89-6BCC0369DE4A}.Debug|Any CPU.ActiveCfg = Debug|Any CPU
		{FE41FC27-F445-468C-BF89-6BCC0369DE4A}.Debug|Any CPU.Build.0 = Debug|Any CPU
		{FE41FC27-F445-468C-BF89-6BCC0369DE4A}.Release|Any CPU.ActiveCfg = Release|Any CPU
		{FE41FC27-F445-468C-BF89-6BCC0369DE4A}.Release|Any CPU.Build.0 = Release|Any CPU
	EndGlobalSection
	GlobalSection(SolutionProperties) = preSolution
		HideSolutionNode = FALSE
	EndGlobalSection
EndGlobal
